// !$*UTF8*$!
{
	archiveVersion = 1;
	classes = {
	};
	objectVersion = 48;
	objects = {

/* Begin PBXBuildFile section */
		AC5EE896B5EED85465FA39D8 /* Pods_firebase_demo.framework in Frameworks */ = {isa = PBXBuildFile; fileRef = CDDA211680C6874F7235DF8F /* Pods_firebase_demo.framework */; };
		C47A2E531F79EAA700C37563 /* AppDelegate.swift in Sources */ = {isa = PBXBuildFile; fileRef = C47A2E521F79EAA700C37563 /* AppDelegate.swift */; };
		C47A2E551F79EAA700C37563 /* ViewController.swift in Sources */ = {isa = PBXBuildFile; fileRef = C47A2E541F79EAA700C37563 /* ViewController.swift */; };
		C47A2E581F79EAA700C37563 /* Main.storyboard in Resources */ = {isa = PBXBuildFile; fileRef = C47A2E561F79EAA700C37563 /* Main.storyboard */; };
		C47A2E5A1F79EAA700C37563 /* Assets.xcassets in Resources */ = {isa = PBXBuildFile; fileRef = C47A2E591F79EAA700C37563 /* Assets.xcassets */; };
		C47A2E5D1F79EAA700C37563 /* LaunchScreen.storyboard in Resources */ = {isa = PBXBuildFile; fileRef = C47A2E5B1F79EAA700C37563 /* LaunchScreen.storyboard */; };
/* End PBXBuildFile section */

/* Begin PBXFileReference section */
		B5D0CFFCE2EE88318A62760A /* Pods-firebase_demo.release.xcconfig */ = {isa = PBXFileReference; includeInIndex = 1; lastKnownFileType = text.xcconfig; name = "Pods-firebase_demo.release.xcconfig"; path = "Pods/Target Support Files/Pods-firebase_demo/Pods-firebase_demo.release.xcconfig"; sourceTree = "<group>"; };
		C47A2E4F1F79EAA700C37563 /* firebase_demo.app */ = {isa = PBXFileReference; explicitFileType = wrapper.application; includeInIndex = 0; path = firebase_demo.app; sourceTree = BUILT_PRODUCTS_DIR; };
		C47A2E521F79EAA700C37563 /* AppDelegate.swift */ = {isa = PBXFileReference; lastKnownFileType = sourcecode.swift; path = AppDelegate.swift; sourceTree = "<group>"; };
		C47A2E541F79EAA700C37563 /* ViewController.swift */ = {isa = PBXFileReference; lastKnownFileType = sourcecode.swift; path = ViewController.swift; sourceTree = "<group>"; };
		C47A2E571F79EAA700C37563 /* Base */ = {isa = PBXFileReference; lastKnownFileType = file.storyboard; name = Base; path = Base.lproj/Main.storyboard; sourceTree = "<group>"; };
		C47A2E591F79EAA700C37563 /* Assets.xcassets */ = {isa = PBXFileReference; lastKnownFileType = folder.assetcatalog; path = Assets.xcassets; sourceTree = "<group>"; };
		C47A2E5C1F79EAA700C37563 /* Base */ = {isa = PBXFileReference; lastKnownFileType = file.storyboard; name = Base; path = Base.lproj/LaunchScreen.storyboard; sourceTree = "<group>"; };
		C47A2E5E1F79EAA700C37563 /* Info.plist */ = {isa = PBXFileReference; lastKnownFileType = text.plist.xml; path = Info.plist; sourceTree = "<group>"; };
		CDDA211680C6874F7235DF8F /* Pods_firebase_demo.framework */ = {isa = PBXFileReference; explicitFileType = wrapper.framework; includeInIndex = 0; path = Pods_firebase_demo.framework; sourceTree = BUILT_PRODUCTS_DIR; };
		F45060044B7D413F29286D91 /* Pods-firebase_demo.debug.xcconfig */ = {isa = PBXFileReference; includeInIndex = 1; lastKnownFileType = text.xcconfig; name = "Pods-firebase_demo.debug.xcconfig"; path = "Pods/Target Support Files/Pods-firebase_demo/Pods-firebase_demo.debug.xcconfig"; sourceTree = "<group>"; };
/* End PBXFileReference section */

/* Begin PBXFrameworksBuildPhase section */
		C47A2E4C1F79EAA700C37563 /* Frameworks */ = {
			isa = PBXFrameworksBuildPhase;
			buildActionMask = 2147483647;
			files = (
				AC5EE896B5EED85465FA39D8 /* Pods_firebase_demo.framework in Frameworks */,
			);
			runOnlyForDeploymentPostprocessing = 0;
		};
/* End PBXFrameworksBuildPhase section */

/* Begin PBXGroup section */
		36CE4E25052EACF8555D6763 /* Pods */ = {
			isa = PBXGroup;
			children = (
				F45060044B7D413F29286D91 /* Pods-firebase_demo.debug.xcconfig */,
				B5D0CFFCE2EE88318A62760A /* Pods-firebase_demo.release.xcconfig */,
			);
			name = Pods;
			sourceTree = "<group>";
		};
		A980D8348E33C20F328D81D3 /* Frameworks */ = {
			isa = PBXGroup;
			children = (
				CDDA211680C6874F7235DF8F /* Pods_firebase_demo.framework */,
			);
			name = Frameworks;
			sourceTree = "<group>";
		};
		C47A2E461F79EAA700C37563 = {
			isa = PBXGroup;
			children = (
				C47A2E511F79EAA700C37563 /* firebase_demo */,
				C47A2E501F79EAA700C37563 /* Products */,
				36CE4E25052EACF8555D6763 /* Pods */,
				A980D8348E33C20F328D81D3 /* Frameworks */,
			);
			sourceTree = "<group>";
		};
		C47A2E501F79EAA700C37563 /* Products */ = {
			isa = PBXGroup;
			children = (
				C47A2E4F1F79EAA700C37563 /* firebase_demo.app */,
			);
			name = Products;
			sourceTree = "<group>";
		};
		C47A2E511F79EAA700C37563 /* firebase_demo */ = {
			isa = PBXGroup;
			children = (
				C47A2E521F79EAA700C37563 /* AppDelegate.swift */,
				C47A2E541F79EAA700C37563 /* ViewController.swift */,
				C47A2E561F79EAA700C37563 /* Main.storyboard */,
				C47A2E591F79EAA700C37563 /* Assets.xcassets */,
				C47A2E5B1F79EAA700C37563 /* LaunchScreen.storyboard */,
				C47A2E5E1F79EAA700C37563 /* Info.plist */,
			);
			path = firebase_demo;
			sourceTree = "<group>";
		};
/* End PBXGroup section */

/* Begin PBXNativeTarget section */
		C47A2E4E1F79EAA700C37563 /* firebase_demo */ = {
			isa = PBXNativeTarget;
			buildConfigurationList = C47A2E611F79EAA700C37563 /* Build configuration list for PBXNativeTarget "firebase_demo" */;
			buildPhases = (
				2E0FAE0E6D807B5C8DF14DEB /* [CP] Check Pods Manifest.lock */,
				C47A2E4B1F79EAA700C37563 /* Sources */,
				C47A2E4C1F79EAA700C37563 /* Frameworks */,
				C47A2E4D1F79EAA700C37563 /* Resources */,
				FF8BB2C84E3CBBDB027F754C /* [CP] Embed Pods Frameworks */,
				FC3E92F922004A4EC8D6EE45 /* [CP] Copy Pods Resources */,
			);
			buildRules = (
			);
			dependencies = (
			);
			name = firebase_demo;
			productName = firebase_demo;
			productReference = C47A2E4F1F79EAA700C37563 /* firebase_demo.app */;
			productType = "com.apple.product-type.application";
		};
/* End PBXNativeTarget section */

/* Begin PBXProject section */
		C47A2E471F79EAA700C37563 /* Project object */ = {
			isa = PBXProject;
			attributes = {
				LastSwiftUpdateCheck = 0900;
				LastUpgradeCheck = 0900;
				ORGANIZATIONNAME = XiaolongLi.AppLab;
				TargetAttributes = {
					C47A2E4E1F79EAA700C37563 = {
						CreatedOnToolsVersion = 9.0;
					};
				};
			};
			buildConfigurationList = C47A2E4A1F79EAA700C37563 /* Build configuration list for PBXProject "firebase_demo" */;
			compatibilityVersion = "Xcode 8.0";
			developmentRegion = en;
			hasScannedForEncodings = 0;
			knownRegions = (
				en,
				Base,
			);
			mainGroup = C47A2E461F79EAA700C37563;
			productRefGroup = C47A2E501F79EAA700C37563 /* Products */;
			projectDirPath = "";
			projectRoot = "";
			targets = (
				C47A2E4E1F79EAA700C37563 /* firebase_demo */,
			);
		};
/* End PBXProject section */

/* Begin PBXResourcesBuildPhase section */
		C47A2E4D1F79EAA700C37563 /* Resources */ = {
			isa = PBXResourcesBuildPhase;
			buildActionMask = 2147483647;
			files = (
				C47A2E5D1F79EAA700C37563 /* LaunchScreen.storyboard in Resources */,
				C47A2E5A1F79EAA700C37563 /* Assets.xcassets in Resources */,
				C47A2E581F79EAA700C37563 /* Main.storyboard in Resources */,
			);
			runOnlyForDeploymentPostprocessing = 0;
		};
/* End PBXResourcesBuildPhase section */

/* Begin PBXShellScriptBuildPhase section */
		2E0FAE0E6D807B5C8DF14DEB /* [CP] Check Pods Manifest.lock */ = {
			isa = PBXShellScriptBuildPhase;
			buildActionMask = 2147483647;
			files = (
			);
			inputPaths = (
				"${PODS_PODFILE_DIR_PATH}/Podfile.lock",
				"${PODS_ROOT}/Manifest.lock",
			);
			name = "[CP] Check Pods Manifest.lock";
			outputPaths = (
				"$(DERIVED_FILE_DIR)/Pods-firebase_demo-checkManifestLockResult.txt",
			);
			runOnlyForDeploymentPostprocessing = 0;
			shellPath = /bin/sh;
			shellScript = "diff \"${PODS_PODFILE_DIR_PATH}/Podfile.lock\" \"${PODS_ROOT}/Manifest.lock\" > /dev/null\nif [ $? != 0 ] ; then\n    # print error to STDERR\n    echo \"error: The sandbox is not in sync with the Podfile.lock. Run 'pod install' or update your CocoaPods installation.\" >&2\n    exit 1\nfi\n# This output is used by Xcode 'outputs' to avoid re-running this script phase.\necho \"SUCCESS\" > \"${SCRIPT_OUTPUT_FILE_0}\"\n";
			showEnvVarsInLog = 0;
		};
		FC3E92F922004A4EC8D6EE45 /* [CP] Copy Pods Resources */ = {
			isa = PBXShellScriptBuildPhase;
			buildActionMask = 2147483647;
			files = (
			);
			inputPaths = (
			);
			name = "[CP] Copy Pods Resources";
			outputPaths = (
			);
			runOnlyForDeploymentPostprocessing = 0;
			shellPath = /bin/sh;
			shellScript = "\"${SRCROOT}/Pods/Target Support Files/Pods-firebase_demo/Pods-firebase_demo-resources.sh\"\n";
			showEnvVarsInLog = 0;
		};
		FF8BB2C84E3CBBDB027F754C /* [CP] Embed Pods Frameworks */ = {
			isa = PBXShellScriptBuildPhase;
			buildActionMask = 2147483647;
			files = (
			);
			inputPaths = (
				"${SRCROOT}/Pods/Target Support Files/Pods-firebase_demo/Pods-firebase_demo-frameworks.sh",
				"${BUILT_PRODUCTS_DIR}/Bolts/Bolts.framework",
				"${BUILT_PRODUCTS_DIR}/FBSDKCoreKit/FBSDKCoreKit.framework",
				"${BUILT_PRODUCTS_DIR}/FBSDKLoginKit/FBSDKLoginKit.framework",
				"${BUILT_PRODUCTS_DIR}/FBSDKShareKit/FBSDKShareKit.framework",
			);
			name = "[CP] Embed Pods Frameworks";
			outputPaths = (
				"${TARGET_BUILD_DIR}/${FRAMEWORKS_FOLDER_PATH}/Bolts.framework",
				"${TARGET_BUILD_DIR}/${FRAMEWORKS_FOLDER_PATH}/FBSDKCoreKit.framework",
				"${TARGET_BUILD_DIR}/${FRAMEWORKS_FOLDER_PATH}/FBSDKLoginKit.framework",
				"${TARGET_BUILD_DIR}/${FRAMEWORKS_FOLDER_PATH}/FBSDKShareKit.framework",
			);
			runOnlyForDeploymentPostprocessing = 0;
			shellPath = /bin/sh;
			shellScript = "\"${SRCROOT}/Pods/Target Support Files/Pods-firebase_demo/Pods-firebase_demo-frameworks.sh\"\n";
			showEnvVarsInLog = 0;
		};
/* End PBXShellScriptBuildPhase section */

/* Begin PBXSourcesBuildPhase section */
		C47A2E4B1F79EAA700C37563 /* Sources */ = {
			isa = PBXSourcesBuildPhase;
			buildActionMask = 2147483647;
			files = (
				C47A2E551F79EAA700C37563 /* ViewController.swift in Sources */,
				C47A2E531F79EAA700C37563 /* AppDelegate.swift in Sources */,
			);
			runOnlyForDeploymentPostprocessing = 0;
		};
/* End PBXSourcesBuildPhase section */

/* Begin PBXVariantGroup section */
		C47A2E561F79EAA700C37563 /* Main.storyboard */ = {
			isa = PBXVariantGroup;
			children = (
				C47A2E571F79EAA700C37563 /* Base */,
			);
			name = Main.storyboard;
			sourceTree = "<group>";
		};
		C47A2E5B1F79EAA700C37563 /* LaunchScreen.storyboard */ = {
			isa = PBXVariantGroup;
			children = (
				C47A2E5C1F79EAA700C37563 /* Base */,
			);
			name = LaunchScreen.storyboard;
			sourceTree = "<group>";
		};
/* End PBXVariantGroup section */

/* Begin XCBuildConfiguration section */
		C47A2E5F1F79EAA700C37563 /* Debug */ = {
			isa = XCBuildConfiguration;
			buildSettings = {
				ALWAYS_SEARCH_USER_PATHS = NO;
				CLANG_ANALYZER_NONNULL = YES;
				CLANG_ANALYZER_NUMBER_OBJECT_CONVERSION = YES_AGGRESSIVE;
				CLANG_CXX_LANGUAGE_STANDARD = "gnu++14";
				CLANG_CXX_LIBRARY = "libc++";
				CLANG_ENABLE_MODULES = YES;
				CLANG_ENABLE_OBJC_ARC = YES;
				CLANG_WARN_BLOCK_CAPTURE_AUTORELEASING = YES;
				CLANG_WARN_BOOL_CONVERSION = YES;
				CLANG_WARN_COMMA = YES;
				CLANG_WARN_CONSTANT_CONVERSION = YES;
				CLANG_WARN_DIRECT_OBJC_ISA_USAGE = YES_ERROR;
				CLANG_WARN_DOCUMENTATION_COMMENTS = YES;
				CLANG_WARN_EMPTY_BODY = YES;
				CLANG_WARN_ENUM_CONVERSION = YES;
				CLANG_WARN_INFINITE_RECURSION = YES;
				CLANG_WARN_INT_CONVERSION = YES;
				CLANG_WARN_OBJC_ROOT_CLASS = YES_ERROR;
				CLANG_WARN_RANGE_LOOP_ANALYSIS = YES;
				CLANG_WARN_STRICT_PROTOTYPES = YES;
				CLANG_WARN_SUSPICIOUS_MOVE = YES;
				CLANG_WARN_UNGUARDED_AVAILABILITY = YES_AGGRESSIVE;
				CLANG_WARN_UNREACHABLE_CODE = YES;
				CLANG_WARN__DUPLICATE_METHOD_MATCH = YES;
				CODE_SIGN_IDENTITY = "iPhone Developer";
				COPY_PHASE_STRIP = NO;
				DEBUG_INFORMATION_FORMAT = dwarf;
				ENABLE_STRICT_OBJC_MSGSEND = YES;
				ENABLE_TESTABILITY = YES;
				GCC_C_LANGUAGE_STANDARD = gnu11;
				GCC_DYNAMIC_NO_PIC = NO;
				GCC_NO_COMMON_BLOCKS = YES;
				GCC_OPTIMIZATION_LEVEL = 0;
				GCC_PREPROCESSOR_DEFINITIONS = (
					"DEBUG=1",
					"$(inherited)",
				);
				GCC_WARN_64_TO_32_BIT_CONVERSION = YES;
				GCC_WARN_ABOUT_RETURN_TYPE = YES_ERROR;
				GCC_WARN_UNDECLARED_SELECTOR = YES;
				GCC_WARN_UNINITIALIZED_AUTOS = YES_AGGRESSIVE;
				GCC_WARN_UNUSED_FUNCTION = YES;
				GCC_WARN_UNUSED_VARIABLE = YES;
				IPHONEOS_DEPLOYMENT_TARGET = 11.0;
				MTL_ENABLE_DEBUG_INFO = YES;
				ONLY_ACTIVE_ARCH = YES;
				SDKROOT = iphoneos;
				SWIFT_ACTIVE_COMPILATION_CONDITIONS = DEBUG;
				SWIFT_OPTIMIZATION_LEVEL = "-Onone";
			};
			name = Debug;
		};
		C47A2E601F79EAA700C37563 /* Release */ = {
			isa = XCBuildConfiguration;
			buildSettings = {
				ALWAYS_SEARCH_USER_PATHS = NO;
				CLANG_ANALYZER_NONNULL = YES;
				CLANG_ANALYZER_NUMBER_OBJECT_CONVERSION = YES_AGGRESSIVE;
				CLANG_CXX_LANGUAGE_STANDARD = "gnu++14";
				CLANG_CXX_LIBRARY = "libc++";
				CLANG_ENABLE_MODULES = YES;
				CLANG_ENABLE_OBJC_ARC = YES;
				CLANG_WARN_BLOCK_CAPTURE_AUTORELEASING = YES;
				CLANG_WARN_BOOL_CONVERSION = YES;
				CLANG_WARN_COMMA = YES;
				CLANG_WARN_CONSTANT_CONVERSION = YES;
				CLANG_WARN_DIRECT_OBJC_ISA_USAGE = YES_ERROR;
				CLANG_WARN_DOCUMENTATION_COMMENTS = YES;
				CLANG_WARN_EMPTY_BODY = YES;
				CLANG_WARN_ENUM_CONVERSION = YES;
				CLANG_WARN_INFINITE_RECURSION = YES;
				CLANG_WARN_INT_CONVERSION = YES;
				CLANG_WARN_OBJC_ROOT_CLASS = YES_ERROR;
				CLANG_WARN_RANGE_LOOP_ANALYSIS = YES;
				CLANG_WARN_STRICT_PROTOTYPES = YES;
				CLANG_WARN_SUSPICIOUS_MOVE = YES;
				CLANG_WARN_UNGUARDED_AVAILABILITY = YES_AGGRESSIVE;
				CLANG_WARN_UNREACHABLE_CODE = YES;
				CLANG_WARN__DUPLICATE_METHOD_MATCH = YES;
				CODE_SIGN_IDENTITY = "iPhone Developer";
				COPY_PHASE_STRIP = NO;
				DEBUG_INFORMATION_FORMAT = "dwarf-with-dsym";
				ENABLE_NS_ASSERTIONS = NO;
				ENABLE_STRICT_OBJC_MSGSEND = YES;
				GCC_C_LANGUAGE_STANDARD = gnu11;
				GCC_NO_COMMON_BLOCKS = YES;
				GCC_WARN_64_TO_32_BIT_CONVERSION = YES;
				GCC_WARN_ABOUT_RETURN_TYPE = YES_ERROR;
				GCC_WARN_UNDECLARED_SELECTOR = YES;
				GCC_WARN_UNINITIALIZED_AUTOS = YES_AGGRESSIVE;
				GCC_WARN_UNUSED_FUNCTION = YES;
				GCC_WARN_UNUSED_VARIABLE = YES;
				IPHONEOS_DEPLOYMENT_TARGET = 11.0;
				MTL_ENABLE_DEBUG_INFO = NO;
				SDKROOT = iphoneos;
				SWIFT_OPTIMIZATION_LEVEL = "-Owholemodule";
				VALIDATE_PRODUCT = YES;
			};
			name = Release;
		};
		C47A2E621F79EAA700C37563 /* Debug */ = {
			isa = XCBuildConfiguration;
			baseConfigurationReference = F45060044B7D413F29286D91 /* Pods-firebase_demo.debug.xcconfig */;
			buildSettings = {
				ASSETCATALOG_COMPILER_APPICON_NAME = AppIcon;
				DEVELOPMENT_TEAM = YSLHPCC7RV;
				INFOPLIST_FILE = firebase_demo/Info.plist;
				IPHONEOS_DEPLOYMENT_TARGET = 10.3;
				LD_RUNPATH_SEARCH_PATHS = "$(inherited) @executable_path/Frameworks";
				PRODUCT_BUNDLE_IDENTIFIER = "com.xiaolongliapplab.firebase-demo";
				PRODUCT_NAME = "$(TARGET_NAME)";
				SWIFT_VERSION = 4.0;
				TARGETED_DEVICE_FAMILY = "1,2";
			};
			name = Debug;
		};
		C47A2E631F79EAA700C37563 /* Release */ = {
			isa = XCBuildConfiguration;
			baseConfigurationReference = B5D0CFFCE2EE88318A62760A /* Pods-firebase_demo.release.xcconfig */;
			buildSettings = {
				ASSETCATALOG_COMPILER_APPICON_NAME = AppIcon;
				DEVELOPMENT_TEAM = YSLHPCC7RV;
				INFOPLIST_FILE = firebase_demo/Info.plist;
				IPHONEOS_DEPLOYMENT_TARGET = 10.3;
				LD_RUNPATH_SEARCH_PATHS = "$(inherited) @executable_path/Frameworks";
				PRODUCT_BUNDLE_IDENTIFIER = "com.xiaolongliapplab.firebase-demo";
				PRODUCT_NAME = "$(TARGET_NAME)";
				SWIFT_VERSION = 4.0;
				TARGETED_DEVICE_FAMILY = "1,2";
			};
			name = Release;
		};
/* End XCBuildConfiguration section */

/* Begin XCConfigurationList section */
		C47A2E4A1F79EAA700C37563 /* Build configuration list for PBXProject "firebase_demo" */ = {
			isa = XCConfigurationList;
			buildConfigurations = (
				C47A2E5F1F79EAA700C37563 /* Debug */,
				C47A2E601F79EAA700C37563 /* Release */,
			);
			defaultConfigurationIsVisible = 0;
			defaultConfigurationName = Release;
		};
		C47A2E611F79EAA700C37563 /* Build configuration list for PBXNativeTarget "firebase_demo" */ = {
			isa = XCConfigurationList;
			buildConfigurations = (
				C47A2E621F79EAA700C37563 /* Debug */,
				C47A2E631F79EAA700C37563 /* Release */,
			);
			defaultConfigurationIsVisible = 0;
			defaultConfigurationName = Release;
		};
/* End XCConfigurationList section */
	};
	rootObject = C47A2E471F79EAA700C37563 /* Project object */;
}
